
Microsoft Visual Studio Solution File, Format Version 10.00
# Visual Studio 2008
Project("{8BC9CEB8-8B4A-11D0-8D11-00A0C91BC942}") = "QZJ_NetKeeper_Cracker", "QZJ_NetKeeper_Cracker.vcproj", "{CAC0CCD1-C13A-4694-BC88-00FB0FBD789A}"
EndProject
Global
	GlobalSection(SolutionConfigurationPlatforms) = preSolution
		Debug|Win32 = Debug|Win32
		Release|Win32 = Release|Win32
	EndGlobalSection
	GlobalSection(ProjectConfigurationPlatforms) = postSolution
		{CAC0CCD1-C13A-4694-BC88-00FB0FBD789A}.Debug|Win32.ActiveCfg = Debug|Win32
		{CAC0CCD1-C13A-4694-BC88-00FB0FBD789A}.Debug|Win32.Build.0 = Debug|Win32
		{CAC0CCD1-C13A-4694-BC88-00FB0FBD789A}.Release|Win32.ActiveCfg = Release|Win32
		{CAC0CCD1-C13A-4694-BC88-00FB0FBD789A}.Release|Win32.Build.0 = Release|Win32
	EndGlobalSection
	GlobalSection(SolutionProperties) = preSolution
		HideSolutionNode = FALSE
	EndGlobalSection
EndGlobal
